
Microsoft Visual Studio Solution File, Format Version 12.00
# Visual Studio 15
VisualStudioVersion = 15.0.26730.16
MinimumVisualStudioVersion = 10.0.40219.1
Project("{FAE04EC0-301F-11D3-BF4B-00C04F79EFBC}") = "DocumentDBCollectionProvisioning", "DocumentDBCollectionProvisioning\DocumentDBCollectionProvisioning.csproj", "{859C3D7E-6206-4A2D-BD36-1AC63FB4C83B}"
EndProject
Global
	GlobalSection(SolutionConfigurationPlatforms) = preSolution
		Debug|Any CPU = Debug|Any CPU
		Release|Any CPU = Release|Any CPU
	EndGlobalSection
	GlobalSection(ProjectConfigurationPlatforms) = postSolution
		{859C3D7E-6206-4A2D-BD36-1AC63FB4C83B}.Debug|Any CPU.ActiveCfg = Debug|Any CPU
		{859C3D7E-6206-4A2D-BD36-1AC63FB4C83B}.Debug|Any CPU.Build.0 = Debug|Any CPU
		{859C3D7E-6206-4A2D-BD36-1AC63FB4C83B}.Release|Any CPU.ActiveCfg = Release|Any CPU
		{859C3D7E-6206-4A2D-BD36-1AC63FB4C83B}.Release|Any CPU.Build.0 = Release|Any CPU
	EndGlobalSection
	GlobalSection(SolutionProperties) = preSolution
		HideSolutionNode = FALSE
	EndGlobalSection
	GlobalSection(ExtensibilityGlobals) = postSolution
		SolutionGuid = {255B4C7F-7874-4506-BBCC-451CD0DCC691}
	EndGlobalSection
EndGlobal
